
Microsoft Visual Studio Solution File, Format Version 12.00
# Visual Studio Version 17
VisualStudioVersion = 17.5.001.0
MinimumVisualStudioVersion = 10.0.40219.1
Project("{9A19103F-16F7-4668-BE54-9A1E7A4F7556}") = "Aulas", "Aulas.csproj", "{C2FCED29-F316-4660-AC3F-6ADEE43B44F4}"
EndProject
Global
	GlobalSection(SolutionConfigurationPlatforms) = preSolution
		Debug|Any CPU = Debug|Any CPU
		Release|Any CPU = Release|Any CPU
	EndGlobalSection
	GlobalSection(ProjectConfigurationPlatforms) = postSolution
		{C2FCED29-F316-4660-AC3F-6ADEE43B44F4}.Debug|Any CPU.ActiveCfg = Debug|Any CPU
		{C2FCED29-F316-4660-AC3F-6ADEE43B44F4}.Debug|Any CPU.Build.0 = Debug|Any CPU
		{C2FCED29-F316-4660-AC3F-6ADEE43B44F4}.Release|Any CPU.ActiveCfg = Release|Any CPU
		{C2FCED29-F316-4660-AC3F-6ADEE43B44F4}.Release|Any CPU.Build.0 = Release|Any CPU
	EndGlobalSection
	GlobalSection(SolutionProperties) = preSolution
		HideSolutionNode = FALSE
	EndGlobalSection
	GlobalSection(ExtensibilityGlobals) = postSolution
		SolutionGuid = {A28A160B-BD9A-4E4A-AFA9-EEB0FEFCF22A}
	EndGlobalSection
EndGlobal
